# THIS IS AN AUTOGENERATED FILE. DO NOT EDIT THIS FILE DIRECTLY.
# yarn lockfile v1


"@babel/runtime@^7.12.1", "@babel/runtime@^7.7.6", "@babel/runtime@^7.9.2":
  version "7.22.15"
  resolved "https://registry.yarnpkg.com/@babel/runtime/-/runtime-7.22.15.tgz#38f46494ccf6cf020bd4eed7124b425e83e523b8"
  integrity sha512-T0O+aa+4w0u06iNmapipJXMV4HoUir03hpx3/YqXXhu9xim3w+dVphjFWl1OH8NbZHw5Lbm9k45drDkgq2VNNA==
  dependencies:
    regenerator-runtime "^0.14.0"

"@esbuild/android-arm64@0.19.3":
  version "0.19.3"
  resolved "https://registry.yarnpkg.com/@esbuild/android-arm64/-/android-arm64-0.19.3.tgz#91a3b1b4a68c01ffdd5d8ffffb0a83178a366ae0"
  integrity sha512-w+Akc0vv5leog550kjJV9Ru+MXMR2VuMrui3C61mnysim0gkFCPOUTAfzTP0qX+HpN9Syu3YA3p1hf3EPqObRw==

"@esbuild/android-arm@0.19.3":
  version "0.19.3"
  resolved "https://registry.yarnpkg.com/@esbuild/android-arm/-/android-arm-0.19.3.tgz#08bd09f2ebc312422f4e94ae954821f9cf37b39e"
  integrity sha512-Lemgw4io4VZl9GHJmjiBGzQ7ONXRfRPHcUEerndjwiSkbxzrpq0Uggku5MxxrXdwJ+pTj1qyw4jwTu7hkPsgIA==

"@esbuild/android-x64@0.19.3":
  version "0.19.3"
  resolved "https://registry.yarnpkg.com/@esbuild/android-x64/-/android-x64-0.19.3.tgz#b1dffec99ed5505fc57561e8758b449dba4924fe"
  integrity sha512-FKQJKkK5MXcBHoNZMDNUAg1+WcZlV/cuXrWCoGF/TvdRiYS4znA0m5Il5idUwfxrE20bG/vU1Cr5e1AD6IEIjQ==

"@esbuild/darwin-arm64@0.19.3":
  version "0.19.3"
  resolved "https://registry.yarnpkg.com/@esbuild/darwin-arm64/-/darwin-arm64-0.19.3.tgz#2e0db5ad26313c7f420f2cd76d9d263fc49cb549"
  integrity sha512-kw7e3FXU+VsJSSSl2nMKvACYlwtvZB8RUIeVShIEY6PVnuZ3c9+L9lWB2nWeeKWNNYDdtL19foCQ0ZyUL7nqGw==

"@esbuild/darwin-x64@0.19.3":
  version "0.19.3"
  resolved "https://registry.yarnpkg.com/@esbuild/darwin-x64/-/darwin-x64-0.19.3.tgz#ebe99f35049180023bb37999bddbe306b076a484"
  integrity sha512-tPfZiwF9rO0jW6Jh9ipi58N5ZLoSjdxXeSrAYypy4psA2Yl1dAMhM71KxVfmjZhJmxRjSnb29YlRXXhh3GqzYw==

"@esbuild/freebsd-arm64@0.19.3":
  version "0.19.3"
  resolved "https://registry.yarnpkg.com/@esbuild/freebsd-arm64/-/freebsd-arm64-0.19.3.tgz#cf8b58ba5173440ea6124a3d0278bfe4ce181c20"
  integrity sha512-ERDyjOgYeKe0Vrlr1iLrqTByB026YLPzTytDTz1DRCYM+JI92Dw2dbpRHYmdqn6VBnQ9Bor6J8ZlNwdZdxjlSg==

"@esbuild/freebsd-x64@0.19.3":
  version "0.19.3"
  resolved "https://registry.yarnpkg.com/@esbuild/freebsd-x64/-/freebsd-x64-0.19.3.tgz#3f283099810ef1b8468cd1a9400c042e3f12e2a7"
  integrity sha512-nXesBZ2Ad1qL+Rm3crN7NmEVJ5uvfLFPLJev3x1j3feCQXfAhoYrojC681RhpdOph8NsvKBBwpYZHR7W0ifTTA==

"@esbuild/linux-arm64@0.19.3":
  version "0.19.3"
  resolved "https://registry.yarnpkg.com/@esbuild/linux-arm64/-/linux-arm64-0.19.3.tgz#a8b3aa69653ac504a51aa73739fb06de3a04d1ff"
  integrity sha512-qXvYKmXj8GcJgWq3aGvxL/JG1ZM3UR272SdPU4QSTzD0eymrM7leiZH77pvY3UetCy0k1xuXZ+VPvoJNdtrsWQ==

"@esbuild/linux-arm@0.19.3":
  version "0.19.3"
  resolved "https://registry.yarnpkg.com/@esbuild/linux-arm/-/linux-arm-0.19.3.tgz#ff6a2f68d4fc3ab46f614bca667a1a81ed6eea26"
  integrity sha512-zr48Cg/8zkzZCzDHNxXO/89bf9e+r4HtzNUPoz4GmgAkF1gFAFmfgOdCbR8zMbzFDGb1FqBBhdXUpcTQRYS1cQ==

"@esbuild/linux-ia32@0.19.3":
  version "0.19.3"
  resolved "https://registry.yarnpkg.com/@esbuild/linux-ia32/-/linux-ia32-0.19.3.tgz#5813baf70e406304e8931b200e39d0293b488073"
  integrity sha512-7XlCKCA0nWcbvYpusARWkFjRQNWNGlt45S+Q18UeS///K6Aw8bB2FKYe9mhVWy/XLShvCweOLZPrnMswIaDXQA==

"@esbuild/linux-loong64@0.19.3":
  version "0.19.3"
  resolved "https://registry.yarnpkg.com/@esbuild/linux-loong64/-/linux-loong64-0.19.3.tgz#21110f29b5e31dc865c7253fde8a2003f7e8b6fd"
  integrity sha512-qGTgjweER5xqweiWtUIDl9OKz338EQqCwbS9c2Bh5jgEH19xQ1yhgGPNesugmDFq+UUSDtWgZ264st26b3de8A==

"@esbuild/linux-mips64el@0.19.3":
  version "0.19.3"
  resolved "https://registry.yarnpkg.com/@esbuild/linux-mips64el/-/linux-mips64el-0.19.3.tgz#4530fc416651eadeb1acc27003c00eac769eb8fd"
  integrity sha512-gy1bFskwEyxVMFRNYSvBauDIWNggD6pyxUksc0MV9UOBD138dKTzr8XnM2R4mBsHwVzeuIH8X5JhmNs2Pzrx+A==

"@esbuild/linux-ppc64@0.19.3":
  version "0.19.3"
  resolved "https://registry.yarnpkg.com/@esbuild/linux-ppc64/-/linux-ppc64-0.19.3.tgz#facf910b0d397e391b37b01a1b4f6e363b04e56b"
  integrity sha512-UrYLFu62x1MmmIe85rpR3qou92wB9lEXluwMB/STDzPF9k8mi/9UvNsG07Tt9AqwPQXluMQ6bZbTzYt01+Ue5g==

"@esbuild/linux-riscv64@0.19.3":
  version "0.19.3"
  resolved "https://registry.yarnpkg.com/@esbuild/linux-riscv64/-/linux-riscv64-0.19.3.tgz#4a67abe97a495430d5867340982f5424a64f2aac"
  integrity sha512-9E73TfyMCbE+1AwFOg3glnzZ5fBAFK4aawssvuMgCRqCYzE0ylVxxzjEfut8xjmKkR320BEoMui4o/t9KA96gA==

"@esbuild/linux-s390x@0.19.3":
  version "0.19.3"
  resolved "https://registry.yarnpkg.com/@esbuild/linux-s390x/-/linux-s390x-0.19.3.tgz#c5fb47474b9f816d81876c119dbccadf671cc5f6"
  integrity sha512-LlmsbuBdm1/D66TJ3HW6URY8wO6IlYHf+ChOUz8SUAjVTuaisfuwCOAgcxo3Zsu3BZGxmI7yt//yGOxV+lHcEA==

"@esbuild/linux-x64@0.19.3":
  version "0.19.3"
  resolved "https://registry.yarnpkg.com/@esbuild/linux-x64/-/linux-x64-0.19.3.tgz#f22d659969ab78dc422f1df8d9a79bc1e7b12ee3"
  integrity sha512-ogV0+GwEmvwg/8ZbsyfkYGaLACBQWDvO0Kkh8LKBGKj9Ru8VM39zssrnu9Sxn1wbapA2qNS6BiLdwJZGouyCwQ==

"@esbuild/netbsd-x64@0.19.3":
  version "0.19.3"
  resolved "https://registry.yarnpkg.com/@esbuild/netbsd-x64/-/netbsd-x64-0.19.3.tgz#e9b046934996991f46b8c1cadac815aa45f84fd4"
  integrity sha512-o1jLNe4uzQv2DKXMlmEzf66Wd8MoIhLNO2nlQBHLtWyh2MitDG7sMpfCO3NTcoTMuqHjfufgUQDFRI5C+xsXQw==

"@esbuild/openbsd-x64@0.19.3":
  version "0.19.3"
  resolved "https://registry.yarnpkg.com/@esbuild/openbsd-x64/-/openbsd-x64-0.19.3.tgz#b287ef4841fc1067bbbd9a60549e8f9cf1b7ee3a"
  integrity sha512-AZJCnr5CZgZOdhouLcfRdnk9Zv6HbaBxjcyhq0StNcvAdVZJSKIdOiPB9az2zc06ywl0ePYJz60CjdKsQacp5Q==

"@esbuild/sunos-x64@0.19.3":
  version "0.19.3"
  resolved "https://registry.yarnpkg.com/@esbuild/sunos-x64/-/sunos-x64-0.19.3.tgz#b2b8ba7d27907c7245f6e57dc62f3b88693f84b0"
  integrity sha512-Acsujgeqg9InR4glTRvLKGZ+1HMtDm94ehTIHKhJjFpgVzZG9/pIcWW/HA/DoMfEyXmANLDuDZ2sNrWcjq1lxw==

"@esbuild/win32-arm64@0.19.3":
  version "0.19.3"
  resolved "https://registry.yarnpkg.com/@esbuild/win32-arm64/-/win32-arm64-0.19.3.tgz#1974c8c180c9add4962235662c569fcc4c8f43dd"
  integrity sha512-FSrAfjVVy7TifFgYgliiJOyYynhQmqgPj15pzLyJk8BUsnlWNwP/IAy6GAiB1LqtoivowRgidZsfpoYLZH586A==

"@esbuild/win32-ia32@0.19.3":
  version "0.19.3"
  resolved "https://registry.yarnpkg.com/@esbuild/win32-ia32/-/win32-ia32-0.19.3.tgz#b02cc2dd8b6aed042069680f01f45fdfd3de5bc4"
  integrity sha512-xTScXYi12xLOWZ/sc5RBmMN99BcXp/eEf7scUC0oeiRoiT5Vvo9AycuqCp+xdpDyAU+LkrCqEpUS9fCSZF8J3Q==

"@esbuild/win32-x64@0.19.3":
  version "0.19.3"
  resolved "https://registry.yarnpkg.com/@esbuild/win32-x64/-/win32-x64-0.19.3.tgz#e5036be529f757e58d9a7771f2f1b14782986a74"
  integrity sha512-FbUN+0ZRXsypPyWE2IwIkVjDkDnJoMJARWOcFZn4KPPli+QnKqF0z1anvfaYe3ev5HFCpRDLLBDHyOALLppWHw==

"@reduxjs/toolkit@^1.9.5":
  version "1.9.5"
  resolved "https://registry.yarnpkg.com/@reduxjs/toolkit/-/toolkit-1.9.5.tgz#d3987849c24189ca483baa7aa59386c8e52077c4"
  integrity sha512-Rt97jHmfTeaxL4swLRNPD/zV4OxTes4la07Xc4hetpUW/vc75t5m1ANyxG6ymnEQ2FsLQsoMlYB2vV1sO3m8tQ==
  dependencies:
    immer "^9.0.21"
    redux "^4.2.1"
    redux-thunk "^2.4.2"
    reselect "^4.1.8"

"@thoughtbot/superglue@^0.50.0":
  version "0.50.0"
  resolved "https://registry.yarnpkg.com/@thoughtbot/superglue/-/superglue-0.50.0.tgz#db5fd185c0e4a34f23c77b6e406ce07bfb0d27a2"
  integrity sha512-ngdGZq9PqRSYLpiLxv2MnbR8WZXOcPtAWjnbD9734L1QZdwCk53ESaOtCJauIHbQzXbWX6H8JdduqMOYajD52A==
  dependencies:
    abortcontroller-polyfill "^1.7.3"
    babel-plugin-transform-react-remove-prop-types "^0.4.24"
    url-parse "^1.5.1"

"@types/hoist-non-react-statics@^3.3.1":
  version "3.3.2"
  resolved "https://registry.yarnpkg.com/@types/hoist-non-react-statics/-/hoist-non-react-statics-3.3.2.tgz#dc1e9ded53375d37603c479cc12c693b0878aa2a"
  integrity sha512-YIQtIg4PKr7ZyqNPZObpxfHsHEmuB8dXCxd6qVcGuQVDK2bpsF7bYNnBJ4Nn7giuACZg+WewExgrtAJ3XnA4Xw==
  dependencies:
    "@types/react" "*"
    hoist-non-react-statics "^3.3.0"

"@types/prop-types@*":
  version "15.7.6"
  resolved "https://registry.yarnpkg.com/@types/prop-types/-/prop-types-15.7.6.tgz#bbf819813d6be21011b8f5801058498bec555572"
  integrity sha512-RK/kBbYOQQHLYj9Z95eh7S6t7gq4Ojt/NT8HTk8bWVhA5DaF+5SMnxHKkP4gPNN3wAZkKP+VjAf0ebtYzf+fxg==

"@types/react@*":
  version "18.2.22"
  resolved "https://registry.yarnpkg.com/@types/react/-/react-18.2.22.tgz#abe778a1c95a07fa70df40a52d7300a40b949ccb"
  integrity sha512-60fLTOLqzarLED2O3UQImc/lsNRgG0jE/a1mPW9KjMemY0LMITWEsbS4VvZ4p6rorEHd5YKxxmMKSDK505GHpA==
  dependencies:
    "@types/prop-types" "*"
    "@types/scheduler" "*"
    csstype "^3.0.2"

"@types/scheduler@*":
  version "0.16.3"
  resolved "https://registry.yarnpkg.com/@types/scheduler/-/scheduler-0.16.3.tgz#cef09e3ec9af1d63d2a6cc5b383a737e24e6dcf5"
  integrity sha512-5cJ8CB4yAx7BH1oMvdU0Jh9lrEXyPkar6F9G/ERswkCuvP4KQZfZkSjcMbAICCpQTN4OuZn8tz0HiKv9TGZgrQ==

"@types/use-sync-external-store@^0.0.3":
  version "0.0.3"
  resolved "https://registry.yarnpkg.com/@types/use-sync-external-store/-/use-sync-external-store-0.0.3.tgz#b6725d5f4af24ace33b36fafd295136e75509f43"
  integrity sha512-EwmlvuaxPNej9+T4v5AuBPJa2x2UOJVdjCtDHgcDqitUeOtjnJKJ+apYjVcAoBEMjKW1VVFGZLUb5+qqa09XFA==

abortcontroller-polyfill@^1.7.3:
  version "1.7.5"
  resolved "https://registry.yarnpkg.com/abortcontroller-polyfill/-/abortcontroller-polyfill-1.7.5.tgz#6738495f4e901fbb57b6c0611d0c75f76c485bed"
  integrity sha512-JMJ5soJWP18htbbxJjG7bG6yuI6pRhgJ0scHHTfkUjf6wjP912xZWvM+A4sJK3gqd9E8fcPbDnOefbA9Th/FIQ==

anymatch@~3.1.2:
  version "3.1.3"
  resolved "https://registry.yarnpkg.com/anymatch/-/anymatch-3.1.3.tgz#790c58b19ba1720a84205b57c618d5ad8524973e"
  integrity sha512-KMReFUr0B4t+D+OBkjR3KYqvocp2XaSzO55UcB6mgQMd3KbcE+mWTyvVV7D/zsdEbNnV6acZUutkiHQXvTr1Rw==
  dependencies:
    normalize-path "^3.0.0"
    picomatch "^2.0.4"

babel-plugin-transform-react-remove-prop-types@^0.4.24:
  version "0.4.24"
  resolved "https://registry.yarnpkg.com/babel-plugin-transform-react-remove-prop-types/-/babel-plugin-transform-react-remove-prop-types-0.4.24.tgz#f2edaf9b4c6a5fbe5c1d678bfb531078c1555f3a"
  integrity sha512-eqj0hVcJUR57/Ug2zE1Yswsw4LhuqqHhD+8v120T1cl3kjg76QwtyBrdIk4WVwK+lAhBJVYCd/v+4nc4y+8JsA==

binary-extensions@^2.0.0:
  version "2.2.0"
  resolved "https://registry.yarnpkg.com/binary-extensions/-/binary-extensions-2.2.0.tgz#75f502eeaf9ffde42fc98829645be4ea76bd9e2d"
  integrity sha512-jDctJ/IVQbZoJykoeHbhXpOlNBqGNcwXJKJog42E5HDPUwQTSdjCHdihjj0DlnheQ7blbT6dHOafNAiS8ooQKA==

braces@~3.0.2:
  version "3.0.2"
  resolved "https://registry.yarnpkg.com/braces/-/braces-3.0.2.tgz#3454e1a462ee8d599e236df336cd9ea4f8afe107"
  integrity sha512-b8um+L1RzM3WDSzvhm6gIz1yfTbBt6YTlcEKAvsmqCZZFw46z626lVj9j1yEPW33H5H+lBQpZMP1k8l+78Ha0A==
  dependencies:
    fill-range "^7.0.1"

breakpoint-sass@^3.0.0:
  version "3.0.0"
  resolved "https://registry.yarnpkg.com/breakpoint-sass/-/breakpoint-sass-3.0.0.tgz#c24c4c627782dae5f4da4e884461bd0fb9befe41"
  integrity sha512-qxJqSfTaOHI+RCGzvKWVRwwC2hMIaS0KV1b+asqWUFxdLv/yKNADF7AtT1uNnkt2VxSMZ2csM22CSc+Hez+EIg==

"chokidar@>=3.0.0 <4.0.0":
  version "3.5.3"
  resolved "https://registry.yarnpkg.com/chokidar/-/chokidar-3.5.3.tgz#1cf37c8707b932bd1af1ae22c0432e2acd1903bd"
  integrity sha512-Dr3sfKRP6oTcjf2JmUmFJfeVMvXBdegxB0iVQ5eb2V10uFJUCAS8OByZdVAyVb8xXNz3GjjTgj9kLWsZTqE6kw==
  dependencies:
    anymatch "~3.1.2"
    braces "~3.0.2"
    glob-parent "~5.1.2"
    is-binary-path "~2.1.0"
    is-glob "~4.0.1"
    normalize-path "~3.0.0"
    readdirp "~3.6.0"
  optionalDependencies:
    fsevents "~2.3.2"

csstype@^3.0.2:
  version "3.1.2"
  resolved "https://registry.yarnpkg.com/csstype/-/csstype-3.1.2.tgz#1d4bf9d572f11c14031f0436e1c10bc1f571f50b"
  integrity sha512-I7K1Uu0MBPzaFKg4nI5Q7Vs2t+3gWWW648spaF+Rg7pI9ds18Ugn+lvg4SHczUdKlHI5LWBXyqfS8+DufyBsgQ==

dialog-polyfill@^0.5.6:
  version "0.5.6"
  resolved "https://registry.yarnpkg.com/dialog-polyfill/-/dialog-polyfill-0.5.6.tgz#7507b4c745a82fcee0fa07ce64d835979719599a"
  integrity sha512-ZbVDJI9uvxPAKze6z146rmfUZjBqNEwcnFTVamQzXH+svluiV7swmVIGr7miwADgfgt1G2JQIytypM9fbyhX4w==

esbuild@^0.19.3:
  version "0.19.3"
  resolved "https://registry.yarnpkg.com/esbuild/-/esbuild-0.19.3.tgz#d9268cd23358eef9d76146f184e0c55ff8da7bb6"
  integrity sha512-UlJ1qUUA2jL2nNib1JTSkifQTcYTroFqRjwCFW4QYEKEsixXD5Tik9xML7zh2gTxkYTBKGHNH9y7txMwVyPbjw==
  optionalDependencies:
    "@esbuild/android-arm" "0.19.3"
    "@esbuild/android-arm64" "0.19.3"
    "@esbuild/android-x64" "0.19.3"
    "@esbuild/darwin-arm64" "0.19.3"
    "@esbuild/darwin-x64" "0.19.3"
    "@esbuild/freebsd-arm64" "0.19.3"
    "@esbuild/freebsd-x64" "0.19.3"
    "@esbuild/linux-arm" "0.19.3"
    "@esbuild/linux-arm64" "0.19.3"
    "@esbuild/linux-ia32" "0.19.3"
    "@esbuild/linux-loong64" "0.19.3"
    "@esbuild/linux-mips64el" "0.19.3"
    "@esbuild/linux-ppc64" "0.19.3"
    "@esbuild/linux-riscv64" "0.19.3"
    "@esbuild/linux-s390x" "0.19.3"
    "@esbuild/linux-x64" "0.19.3"
    "@esbuild/netbsd-x64" "0.19.3"
    "@esbuild/openbsd-x64" "0.19.3"
    "@esbuild/sunos-x64" "0.19.3"
    "@esbuild/win32-arm64" "0.19.3"
    "@esbuild/win32-ia32" "0.19.3"
    "@esbuild/win32-x64" "0.19.3"

fill-range@^7.0.1:
  version "7.0.1"
  resolved "https://registry.yarnpkg.com/fill-range/-/fill-range-7.0.1.tgz#1919a6a7c75fe38b2c7c77e5198535da9acdda40"
  integrity sha512-qOo9F+dMUmC2Lcb4BbVvnKJxTPjCm+RRpe4gDuGrzkL7mEVl/djYSu2OdQ2Pa302N4oqkSg9ir6jaLWJ2USVpQ==
  dependencies:
    to-regex-range "^5.0.1"

fsevents@~2.3.2:
  version "2.3.3"
  resolved "https://registry.yarnpkg.com/fsevents/-/fsevents-2.3.3.tgz#cac6407785d03675a2a5e1a5305c697b347d90d6"
  integrity sha512-5xoDfX+fL7faATnagmWPpbFtwh/R77WmMMqqHGS65C3vvB0YHrgF+B1YmZ3441tMj5n63k0212XNoJwzlhffQw==

glob-parent@~5.1.2:
  version "5.1.2"
  resolved "https://registry.yarnpkg.com/glob-parent/-/glob-parent-5.1.2.tgz#869832c58034fe68a4093c17dc15e8340d8401c4"
  integrity sha512-AOIgSQCepiJYwP3ARnGx+5VnTu2HBYdzbGP45eLw1vr3zB3vZLeyed1sC9hnbcOc9/SrMyM5RPQrkGz4aS9Zow==
  dependencies:
    is-glob "^4.0.1"

history@^5.3.0:
  version "5.3.0"
  resolved "https://registry.yarnpkg.com/history/-/history-5.3.0.tgz#1548abaa245ba47992f063a0783db91ef201c73b"
  integrity sha512-ZqaKwjjrAYUYfLG+htGaIIZ4nioX2L70ZUMIFysS3xvBsSG4x/n1V6TXV3N8ZYNuFGlDirFg32T7B6WOUPDYcQ==
  dependencies:
    "@babel/runtime" "^7.7.6"

hoist-non-react-statics@^3.3.0, hoist-non-react-statics@^3.3.2:
  version "3.3.2"
  resolved "https://registry.yarnpkg.com/hoist-non-react-statics/-/hoist-non-react-statics-3.3.2.tgz#ece0acaf71d62c2969c2ec59feff42a4b1a85b45"
  integrity sha512-/gGivxi8JPKWNm/W0jSmzcMPpfpPLc3dY/6GxhX2hQ9iGj3aDfklV4ET7NjKpSinLpJ5vafa9iiGIEZg10SfBw==
  dependencies:
    react-is "^16.7.0"

immer@^9.0.21:
  version "9.0.21"
  resolved "https://registry.yarnpkg.com/immer/-/immer-9.0.21.tgz#1e025ea31a40f24fb064f1fef23e931496330176"
  integrity sha512-bc4NBHqOqSfRW7POMkHd51LvClaeMXpm8dx0e8oE2GORbq5aRK7Bxl4FyzVLdGtLmvLKL7BTDBG5ACQm4HWjTA==

immutable@^4.0.0:
  version "4.3.4"
  resolved "https://registry.yarnpkg.com/immutable/-/immutable-4.3.4.tgz#2e07b33837b4bb7662f288c244d1ced1ef65a78f"
  integrity sha512-fsXeu4J4i6WNWSikpI88v/PcVflZz+6kMhUfIwc5SY+poQRPnaf5V7qds6SUyUN3cVxEzuCab7QIoLOQ+DQ1wA==

is-binary-path@~2.1.0:
  version "2.1.0"
  resolved "https://registry.yarnpkg.com/is-binary-path/-/is-binary-path-2.1.0.tgz#ea1f7f3b80f064236e83470f86c09c254fb45b09"
  integrity sha512-ZMERYes6pDydyuGidse7OsHxtbI7WVeUEozgR/g7rd0xUimYNlvZRE/K2MgZTjWy725IfelLeVcEM97mmtRGXw==
  dependencies:
    binary-extensions "^2.0.0"

is-extglob@^2.1.1:
  version "2.1.1"
  resolved "https://registry.yarnpkg.com/is-extglob/-/is-extglob-2.1.1.tgz#a88c02535791f02ed37c76a1b9ea9773c833f8c2"
  integrity sha512-SbKbANkN603Vi4jEZv49LeVJMn4yGwsbzZworEoyEiutsN3nJYdbO36zfhGJ6QEDpOZIFkDtnq5JRxmvl3jsoQ==

is-glob@^4.0.1, is-glob@~4.0.1:
  version "4.0.3"
  resolved "https://registry.yarnpkg.com/is-glob/-/is-glob-4.0.3.tgz#64f61e42cbbb2eec2071a9dac0b28ba1e65d5084"
  integrity sha512-xelSayHH36ZgE7ZWhli7pW34hNbNl8Ojv5KVmkJD4hBdD3th8Tfk9vYasLM+mXWOZhFkgZfxhLSnrwRr4elSSg==
  dependencies:
    is-extglob "^2.1.1"

is-number@^7.0.0:
  version "7.0.0"
  resolved "https://registry.yarnpkg.com/is-number/-/is-number-7.0.0.tgz#7535345b896734d5f80c4d06c50955527a14f12b"
  integrity sha512-41Cifkg6e8TylSpdtTpeLVMqvSBEVzTttHvERD741+pnZ8ANv0004MRL43QKPDlK9cGvNp6NZWZUBlbGXYxxng==

"js-tokens@^3.0.0 || ^4.0.0":
  version "4.0.0"
  resolved "https://registry.yarnpkg.com/js-tokens/-/js-tokens-4.0.0.tgz#19203fb59991df98e3a287050d4647cdeaf32499"
  integrity sha512-RdJUflcE3cUzKiMqQgsCu06FPu9UdIJO0beYbPhHN4k6apgJtifcoCtT9bcxOpYBtpD2kCM6Sbzg4CausW/PKQ==

loose-envify@^1.1.0:
  version "1.4.0"
  resolved "https://registry.yarnpkg.com/loose-envify/-/loose-envify-1.4.0.tgz#71ee51fa7be4caec1a63839f7e682d8132d30caf"
  integrity sha512-lyuxPGr/Wfhrlem2CL/UcnUc1zcqKAImBDzukY7Y5F/yQiNdko6+fRLevlw1HgMySw7f611UIY408EtxRSoK3Q==
  dependencies:
    js-tokens "^3.0.0 || ^4.0.0"

normalize-path@^3.0.0, normalize-path@~3.0.0:
  version "3.0.0"
  resolved "https://registry.yarnpkg.com/normalize-path/-/normalize-path-3.0.0.tgz#0dcd69ff23a1c9b11fd0978316644a0388216a65"
  integrity sha512-6eZs5Ls3WtCisHWp9S2GUy8dqkpGi4BVSz3GaqiE6ezub0512ESztXUwUB6C6IKbQkY2Pnb/mD4WYojCRwcwLA==

picomatch@^2.0.4, picomatch@^2.2.1:
  version "2.3.1"
  resolved "https://registry.yarnpkg.com/picomatch/-/picomatch-2.3.1.tgz#3ba3833733646d9d3e4995946c1365a67fb07a42"
  integrity sha512-JU3teHTNjmE2VCGFzuY8EXzCDVwEqB2a8fsIvwaStHhAWJEeVd1o1QD80CU6+ZdEXXSLbSsuLwJjkCBWqRQUVA==

querystringify@^2.1.1:
  version "2.2.0"
  resolved "https://registry.yarnpkg.com/querystringify/-/querystringify-2.2.0.tgz#3345941b4153cb9d082d8eee4cda2016a9aef7f6"
  integrity sha512-FIqgj2EUvTa7R50u0rGsyTftzjYmv/a3hO345bZNrqabNqjtgiDMgmo4mkUjd+nzU5oF3dClKqFIPUKybUyqoQ==

react-dom@^18.2.0:
  version "18.2.0"
  resolved "https://registry.yarnpkg.com/react-dom/-/react-dom-18.2.0.tgz#22aaf38708db2674ed9ada224ca4aa708d821e3d"
  integrity sha512-6IMTriUmvsjHUjNtEDudZfuDQUoWXVxKHhlEGSk81n4YFS+r/Kl99wXiwlVXtPBtJenozv2P+hxDsw9eA7Xo6g==
  dependencies:
    loose-envify "^1.1.0"
    scheduler "^0.23.0"

react-from-dom@^0.6.2:
  version "0.6.2"
  resolved "https://registry.yarnpkg.com/react-from-dom/-/react-from-dom-0.6.2.tgz#9da903a508c91c013b55afcd59348b8b0a39bdb4"
  integrity sha512-qvWWTL/4xw4k/Dywd41RBpLQUSq97csuv15qrxN+izNeLYlD9wn5W8LspbfYe5CWbaSdkZ72BsaYBPQf2x4VbQ==

react-inlinesvg@^4.0.3:
  version "4.0.5"
  resolved "https://registry.yarnpkg.com/react-inlinesvg/-/react-inlinesvg-4.0.5.tgz#cbabe18e790c47f5cadca9ce974e3e8256c1c84f"
  integrity sha512-gur6KP4la70Xt9Ku6kIRAiwPOsMxYGTFIJ1roG1igS9oZLvES72VtUfBEdaiZZfkej3jugQsVyq/mJkYr4OObQ==
  dependencies:
    react-from-dom "^0.6.2"

react-is@^16.7.0:
  version "16.13.1"
  resolved "https://registry.yarnpkg.com/react-is/-/react-is-16.13.1.tgz#789729a4dc36de2999dc156dd6c1d9c18cea56a4"
  integrity sha512-24e6ynE2H+OKt4kqsOvNd8kBpV65zoxbA4BVsEOB3ARVWQki/DHzaUoC5KuON/BiccDaCCTZBuOcfZs70kR8bQ==

react-is@^18.0.0:
  version "18.2.0"
  resolved "https://registry.yarnpkg.com/react-is/-/react-is-18.2.0.tgz#199431eeaaa2e09f86427efbb4f1473edb47609b"
  integrity sha512-xWGDIW6x921xtzPkhiULtthJHoJvBbF3q26fzloPCK0hsvxtPVelvftw3zjbHWSkR2km9Z+4uxbDDK/6Zw9B8w==

react-redux@^8.1.2:
  version "8.1.2"
  resolved "https://registry.yarnpkg.com/react-redux/-/react-redux-8.1.2.tgz#9076bbc6b60f746659ad6d51cb05de9c5e1e9188"
  integrity sha512-xJKYI189VwfsFc4CJvHqHlDrzyFTY/3vZACbE+rr/zQ34Xx1wQfB4OTOSeOSNrF6BDVe8OOdxIrAnMGXA3ggfw==
  dependencies:
    "@babel/runtime" "^7.12.1"
    "@types/hoist-non-react-statics" "^3.3.1"
    "@types/use-sync-external-store" "^0.0.3"
    hoist-non-react-statics "^3.3.2"
    react-is "^18.0.0"
    use-sync-external-store "^1.0.0"

react@^18.2.0:
  version "18.2.0"
  resolved "https://registry.yarnpkg.com/react/-/react-18.2.0.tgz#555bd98592883255fa00de14f1151a917b5d77d5"
  integrity sha512-/3IjMdb2L9QbBdWiW5e3P2/npwMBaU9mHCSCUzNln0ZCYbcfTsGbTJrU/kGemdH2IWmB2ioZ+zkxtmq6g09fGQ==
  dependencies:
    loose-envify "^1.1.0"

readdirp@~3.6.0:
  version "3.6.0"
  resolved "https://registry.yarnpkg.com/readdirp/-/readdirp-3.6.0.tgz#74a370bd857116e245b29cc97340cd431a02a6c7"
  integrity sha512-hOS089on8RduqdbhvQ5Z37A0ESjsqz6qnRcffsMU3495FuTdqSm+7bhJ29JvIOsBDEEnan5DPu9t3To9VRlMzA==
  dependencies:
    picomatch "^2.2.1"

redux-thunk@^2.4.2:
  version "2.4.2"
  resolved "https://registry.yarnpkg.com/redux-thunk/-/redux-thunk-2.4.2.tgz#b9d05d11994b99f7a91ea223e8b04cf0afa5ef3b"
  integrity sha512-+P3TjtnP0k/FEjcBL5FZpoovtvrTNT/UXd4/sluaSyrURlSlhLSzEdfsTBW7WsKB6yPvgd7q/iZPICFjW4o57Q==

redux@^4.2.1:
  version "4.2.1"
  resolved "https://registry.yarnpkg.com/redux/-/redux-4.2.1.tgz#c08f4306826c49b5e9dc901dee0452ea8fce6197"
  integrity sha512-LAUYz4lc+Do8/g7aeRa8JkyDErK6ekstQaqWQrNRW//MY1TvCEpMtpTWvlQ+FPbWCx+Xixu/6SHt5N0HR+SB4w==
  dependencies:
    "@babel/runtime" "^7.9.2"

regenerator-runtime@^0.14.0:
  version "0.14.0"
  resolved "https://registry.yarnpkg.com/regenerator-runtime/-/regenerator-runtime-0.14.0.tgz#5e19d68eb12d486f797e15a3c6a918f7cec5eb45"
  integrity sha512-srw17NI0TUWHuGa5CFGGmhfNIeja30WMBfbslPNhf6JrqQlLN5gcrvig1oqPxiVaXb0oW0XRKtH6Nngs5lKCIA==

requires-port@^1.0.0:
  version "1.0.0"
  resolved "https://registry.yarnpkg.com/requires-port/-/requires-port-1.0.0.tgz#925d2601d39ac485e091cf0da5c6e694dc3dcaff"
  integrity sha512-KigOCHcocU3XODJxsu8i/j8T9tzT4adHiecwORRQ0ZZFcp7ahwXuRU1m+yuO90C5ZUyGeGfocHDI14M3L3yDAQ==

reselect@^4.1.8:
  version "4.1.8"
  resolved "https://registry.yarnpkg.com/reselect/-/reselect-4.1.8.tgz#3f5dc671ea168dccdeb3e141236f69f02eaec524"
  integrity sha512-ab9EmR80F/zQTMNeneUr4cv+jSwPJgIlvEmVwLerwrWVbpLlBuls9XHzIeTFy4cegU2NHBp3va0LKOzU5qFEYQ==

sass@^1.69.0:
  version "1.69.0"
  resolved "https://registry.yarnpkg.com/sass/-/sass-1.69.0.tgz#5195075371c239ed556280cf2f5944d234f42679"
  integrity sha512-l3bbFpfTOGgQZCLU/gvm1lbsQ5mC/WnLz3djL2v4WCJBDrWm58PO+jgngcGRNnKUh6wSsdm50YaovTqskZ0xDQ==
  dependencies:
    chokidar ">=3.0.0 <4.0.0"
    immutable "^4.0.0"
    source-map-js ">=0.6.2 <2.0.0"

scheduler@^0.23.0:
  version "0.23.0"
  resolved "https://registry.yarnpkg.com/scheduler/-/scheduler-0.23.0.tgz#ba8041afc3d30eb206a487b6b384002e4e61fdfe"
  integrity sha512-CtuThmgHNg7zIZWAXi3AsyIzA3n4xx7aNyjwC2VJldO2LMVDhFK+63xGqq6CsJH4rTAt6/M+N4GhZiDYPx9eUw==
  dependencies:
    loose-envify "^1.1.0"

"source-map-js@>=0.6.2 <2.0.0":
  version "1.0.2"
  resolved "https://registry.yarnpkg.com/source-map-js/-/source-map-js-1.0.2.tgz#adbc361d9c62df380125e7f161f71c826f1e490c"
  integrity sha512-R0XvVJ9WusLiqTCEiGCmICCMplcCkIwwR11mOSD9CR5u+IXYdiseeEuXCVAjS54zqwkLcPNnmU4OeJ6tUrWhDw==

to-regex-range@^5.0.1:
  version "5.0.1"
  resolved "https://registry.yarnpkg.com/to-regex-range/-/to-regex-range-5.0.1.tgz#1648c44aae7c8d988a326018ed72f5b4dd0392e4"
  integrity sha512-65P7iz6X5yEr1cwcgvQxbbIw7Uk3gOy5dIdtZ4rDveLqhrdJP+Li/Hx6tyK0NEb+2GCyneCMJiGqrADCSNk8sQ==
  dependencies:
    is-number "^7.0.0"

url-parse@^1.5.1:
  version "1.5.10"
  resolved "https://registry.yarnpkg.com/url-parse/-/url-parse-1.5.10.tgz#9d3c2f736c1d75dd3bd2be507dcc111f1e2ea9c1"
  integrity sha512-WypcfiRhfeUP9vvF0j6rw0J3hrWrw6iZv3+22h6iRMJ/8z1Tj6XfLP4DsUix5MhMPnXpiHDoKyoZ/bdCkwBCiQ==
  dependencies:
    querystringify "^2.1.1"
    requires-port "^1.0.0"

use-sync-external-store@^1.0.0:
  version "1.2.0"
  resolved "https://registry.yarnpkg.com/use-sync-external-store/-/use-sync-external-store-1.2.0.tgz#7dbefd6ef3fe4e767a0cf5d7287aacfb5846928a"
  integrity sha512-eEgnFxGQ1Ife9bzYs6VLi8/4X6CObHMw9Qr9tPY43iKwsPw8xE8+EFsf/2cFZ5S3esXgpWgtSCtLNS41F+sKPA==
